// !$*UTF8*$!
{
	archiveVersion = 1;
	classes = {
	};
	objectVersion = 46;
	objects = {

/* Begin PBXBuildFile section */
		4119C51D194381ED00CF70ED /* Foundation.framework in Frameworks */ = {isa = PBXBuildFile; fileRef = 4119C51C194381ED00CF70ED /* Foundation.framework */; };
		4119C51F194381ED00CF70ED /* CoreGraphics.framework in Frameworks */ = {isa = PBXBuildFile; fileRef = 4119C51E194381ED00CF70ED /* CoreGraphics.framework */; };
		4119C521194381ED00CF70ED /* UIKit.framework in Frameworks */ = {isa = PBXBuildFile; fileRef = 4119C520194381ED00CF70ED /* UIKit.framework */; };
		4119C527194381ED00CF70ED /* InfoPlist.strings in Resources */ = {isa = PBXBuildFile; fileRef = 4119C525194381ED00CF70ED /* InfoPlist.strings */; };
		4119C529194381ED00CF70ED /* main.m in Sources */ = {isa = PBXBuildFile; fileRef = 4119C528194381ED00CF70ED /* main.m */; };
		4119C52D194381ED00CF70ED /* AppDelegate.m in Sources */ = {isa = PBXBuildFile; fileRef = 4119C52C194381ED00CF70ED /* AppDelegate.m */; };
		4119C52F194381ED00CF70ED /* Images.xcassets in Resources */ = {isa = PBXBuildFile; fileRef = 4119C52E194381ED00CF70ED /* Images.xcassets */; };
		4119C536194381ED00CF70ED /* XCTest.framework in Frameworks */ = {isa = PBXBuildFile; fileRef = 4119C535194381ED00CF70ED /* XCTest.framework */; };
		4119C537194381ED00CF70ED /* Foundation.framework in Frameworks */ = {isa = PBXBuildFile; fileRef = 4119C51C194381ED00CF70ED /* Foundation.framework */; };
		4119C538194381ED00CF70ED /* UIKit.framework in Frameworks */ = {isa = PBXBuildFile; fileRef = 4119C520194381ED00CF70ED /* UIKit.framework */; };
		4119C540194381ED00CF70ED /* InfoPlist.strings in Resources */ = {isa = PBXBuildFile; fileRef = 4119C53E194381ED00CF70ED /* InfoPlist.strings */; };
		4119C542194381ED00CF70ED /* RottenTomatoesDemoTests.m in Sources */ = {isa = PBXBuildFile; fileRef = 4119C541194381ED00CF70ED /* RottenTomatoesDemoTests.m */; };
		413554681944F964003AEF5D /* MovieCell.m in Sources */ = {isa = PBXBuildFile; fileRef = 413554661944F964003AEF5D /* MovieCell.m */; };
		413554691944F964003AEF5D /* MovieCell.xib in Resources */ = {isa = PBXBuildFile; fileRef = 413554671944F964003AEF5D /* MovieCell.xib */; };
		4139211219465B880052CD65 /* MoviesViewController.m in Sources */ = {isa = PBXBuildFile; fileRef = 4139211019465B880052CD65 /* MoviesViewController.m */; };
		4139211319465B880052CD65 /* MoviesViewController.xib in Resources */ = {isa = PBXBuildFile; fileRef = 4139211119465B880052CD65 /* MoviesViewController.xib */; };
		4139212919467EB40052CD65 /* MDetailViewController.m in Sources */ = {isa = PBXBuildFile; fileRef = 4139212719467EB40052CD65 /* MDetailViewController.m */; };
		4139212A19467EB40052CD65 /* MDetailViewController.xib in Resources */ = {isa = PBXBuildFile; fileRef = 4139212819467EB40052CD65 /* MDetailViewController.xib */; };
		8B023EB4265C4882B2698BA3 /* libPods.a in Frameworks */ = {isa = PBXBuildFile; fileRef = 138F776EEA064DBFA3FF6295 /* libPods.a */; };
/* End PBXBuildFile section */

/* Begin PBXContainerItemProxy section */
		4119C539194381ED00CF70ED /* PBXContainerItemProxy */ = {
			isa = PBXContainerItemProxy;
			containerPortal = 4119C511194381ED00CF70ED /* Project object */;
			proxyType = 1;
			remoteGlobalIDString = 4119C518194381ED00CF70ED;
			remoteInfo = RottenTomatoesDemo;
		};
/* End PBXContainerItemProxy section */

/* Begin PBXFileReference section */
		138F776EEA064DBFA3FF6295 /* libPods.a */ = {isa = PBXFileReference; explicitFileType = archive.ar; includeInIndex = 0; path = libPods.a; sourceTree = BUILT_PRODUCTS_DIR; };
		4119C519194381ED00CF70ED /* RottenTomatoesDemo.app */ = {isa = PBXFileReference; explicitFileType = wrapper.application; includeInIndex = 0; path = RottenTomatoesDemo.app; sourceTree = BUILT_PRODUCTS_DIR; };
		4119C51C194381ED00CF70ED /* Foundation.framework */ = {isa = PBXFileReference; lastKnownFileType = wrapper.framework; name = Foundation.framework; path = System/Library/Frameworks/Foundation.framework; sourceTree = SDKROOT; };
		4119C51E194381ED00CF70ED /* CoreGraphics.framework */ = {isa = PBXFileReference; lastKnownFileType = wrapper.framework; name = CoreGraphics.framework; path = System/Library/Frameworks/CoreGraphics.framework; sourceTree = SDKROOT; };
		4119C520194381ED00CF70ED /* UIKit.framework */ = {isa = PBXFileReference; lastKnownFileType = wrapper.framework; name = UIKit.framework; path = System/Library/Frameworks/UIKit.framework; sourceTree = SDKROOT; };
		4119C524194381ED00CF70ED /* RottenTomatoesDemo-Info.plist */ = {isa = PBXFileReference; lastKnownFileType = text.plist.xml; path = "RottenTomatoesDemo-Info.plist"; sourceTree = "<group>"; };
		4119C526194381ED00CF70ED /* en */ = {isa = PBXFileReference; lastKnownFileType = text.plist.strings; name = en; path = en.lproj/InfoPlist.strings; sourceTree = "<group>"; };
		4119C528194381ED00CF70ED /* main.m */ = {isa = PBXFileReference; lastKnownFileType = sourcecode.c.objc; path = main.m; sourceTree = "<group>"; };
		4119C52A194381ED00CF70ED /* RottenTomatoesDemo-Prefix.pch */ = {isa = PBXFileReference; lastKnownFileType = sourcecode.c.h; path = "RottenTomatoesDemo-Prefix.pch"; sourceTree = "<group>"; };
		4119C52B194381ED00CF70ED /* AppDelegate.h */ = {isa = PBXFileReference; lastKnownFileType = sourcecode.c.h; path = AppDelegate.h; sourceTree = "<group>"; };
		4119C52C194381ED00CF70ED /* AppDelegate.m */ = {isa = PBXFileReference; lastKnownFileType = sourcecode.c.objc; path = AppDelegate.m; sourceTree = "<group>"; };
		4119C52E194381ED00CF70ED /* Images.xcassets */ = {isa = PBXFileReference; lastKnownFileType = folder.assetcatalog; path = Images.xcassets; sourceTree = "<group>"; };
		4119C534194381ED00CF70ED /* RottenTomatoesDemoTests.xctest */ = {isa = PBXFileReference; explicitFileType = wrapper.cfbundle; includeInIndex = 0; path = RottenTomatoesDemoTests.xctest; sourceTree = BUILT_PRODUCTS_DIR; };
		4119C535194381ED00CF70ED /* XCTest.framework */ = {isa = PBXFileReference; lastKnownFileType = wrapper.framework; name = XCTest.framework; path = Library/Frameworks/XCTest.framework; sourceTree = DEVELOPER_DIR; };
		4119C53D194381ED00CF70ED /* RottenTomatoesDemoTests-Info.plist */ = {isa = PBXFileReference; lastKnownFileType = text.plist.xml; path = "RottenTomatoesDemoTests-Info.plist"; sourceTree = "<group>"; };
		4119C53F194381ED00CF70ED /* en */ = {isa = PBXFileReference; lastKnownFileType = text.plist.strings; name = en; path = en.lproj/InfoPlist.strings; sourceTree = "<group>"; };
		4119C541194381ED00CF70ED /* RottenTomatoesDemoTests.m */ = {isa = PBXFileReference; lastKnownFileType = sourcecode.c.objc; path = RottenTomatoesDemoTests.m; sourceTree = "<group>"; };
		4119C54B1943822000CF70ED /* MoviesViewController.h */ = {isa = PBXFileReference; fileEncoding = 4; lastKnownFileType = sourcecode.c.h; name = MoviesViewController.h; path = ../MoviesViewController.h; sourceTree = "<group>"; };
		413554651944F964003AEF5D /* MovieCell.h */ = {isa = PBXFileReference; fileEncoding = 4; lastKnownFileType = sourcecode.c.h; path = MovieCell.h; sourceTree = "<group>"; };
		413554661944F964003AEF5D /* MovieCell.m */ = {isa = PBXFileReference; fileEncoding = 4; lastKnownFileType = sourcecode.c.objc; path = MovieCell.m; sourceTree = "<group>"; };
		413554671944F964003AEF5D /* MovieCell.xib */ = {isa = PBXFileReference; fileEncoding = 4; lastKnownFileType = file.xib; path = MovieCell.xib; sourceTree = "<group>"; };
		4139211019465B880052CD65 /* MoviesViewController.m */ = {isa = PBXFileReference; fileEncoding = 4; lastKnownFileType = sourcecode.c.objc; path = MoviesViewController.m; sourceTree = SOURCE_ROOT; };
		4139211119465B880052CD65 /* MoviesViewController.xib */ = {isa = PBXFileReference; fileEncoding = 4; lastKnownFileType = file.xib; path = MoviesViewController.xib; sourceTree = SOURCE_ROOT; };
		4139212619467EB40052CD65 /* MDetailViewController.h */ = {isa = PBXFileReference; fileEncoding = 4; lastKnownFileType = sourcecode.c.h; path = MDetailViewController.h; sourceTree = "<group>"; };
		4139212719467EB40052CD65 /* MDetailViewController.m */ = {isa = PBXFileReference; fileEncoding = 4; lastKnownFileType = sourcecode.c.objc; path = MDetailViewController.m; sourceTree = "<group>"; };
		4139212819467EB40052CD65 /* MDetailViewController.xib */ = {isa = PBXFileReference; fileEncoding = 4; lastKnownFileType = file.xib; path = MDetailViewController.xib; sourceTree = "<group>"; };
		7EC0EAFC5A6745E689B91364 /* Pods.xcconfig */ = {isa = PBXFileReference; includeInIndex = 1; lastKnownFileType = text.xcconfig; name = Pods.xcconfig; path = Pods/Pods.xcconfig; sourceTree = "<group>"; };
/* End PBXFileReference section */

/* Begin PBXFrameworksBuildPhase section */
		4119C516194381ED00CF70ED /* Frameworks */ = {
			isa = PBXFrameworksBuildPhase;
			buildActionMask = 2147483647;
			files = (
				4119C51F194381ED00CF70ED /* CoreGraphics.framework in Frameworks */,
				4119C521194381ED00CF70ED /* UIKit.framework in Frameworks */,
				4119C51D194381ED00CF70ED /* Foundation.framework in Frameworks */,
				8B023EB4265C4882B2698BA3 /* libPods.a in Frameworks */,
			);
			runOnlyForDeploymentPostprocessing = 0;
		};
		4119C531194381ED00CF70ED /* Frameworks */ = {
			isa = PBXFrameworksBuildPhase;
			buildActionMask = 2147483647;
			files = (
				4119C536194381ED00CF70ED /* XCTest.framework in Frameworks */,
				4119C538194381ED00CF70ED /* UIKit.framework in Frameworks */,
				4119C537194381ED00CF70ED /* Foundation.framework in Frameworks */,
			);
			runOnlyForDeploymentPostprocessing = 0;
		};
/* End PBXFrameworksBuildPhase section */

/* Begin PBXGroup section */
		4119C510194381ED00CF70ED = {
			isa = PBXGroup;
			children = (
				4119C522194381ED00CF70ED /* RottenTomatoesDemo */,
				4119C53B194381ED00CF70ED /* RottenTomatoesDemoTests */,
				4119C51B194381ED00CF70ED /* Frameworks */,
				4119C51A194381ED00CF70ED /* Products */,
				7EC0EAFC5A6745E689B91364 /* Pods.xcconfig */,
			);
			sourceTree = "<group>";
		};
		4119C51A194381ED00CF70ED /* Products */ = {
			isa = PBXGroup;
			children = (
				4119C519194381ED00CF70ED /* RottenTomatoesDemo.app */,
				4119C534194381ED00CF70ED /* RottenTomatoesDemoTests.xctest */,
			);
			name = Products;
			sourceTree = "<group>";
		};
		4119C51B194381ED00CF70ED /* Frameworks */ = {
			isa = PBXGroup;
			children = (
				4119C51C194381ED00CF70ED /* Foundation.framework */,
				4119C51E194381ED00CF70ED /* CoreGraphics.framework */,
				4119C520194381ED00CF70ED /* UIKit.framework */,
				4119C535194381ED00CF70ED /* XCTest.framework */,
				138F776EEA064DBFA3FF6295 /* libPods.a */,
			);
			name = Frameworks;
			sourceTree = "<group>";
		};
		4119C522194381ED00CF70ED /* RottenTomatoesDemo */ = {
			isa = PBXGroup;
			children = (
				4139211019465B880052CD65 /* MoviesViewController.m */,
				4139211119465B880052CD65 /* MoviesViewController.xib */,
				413554651944F964003AEF5D /* MovieCell.h */,
				413554661944F964003AEF5D /* MovieCell.m */,
				413554671944F964003AEF5D /* MovieCell.xib */,
				4119C54B1943822000CF70ED /* MoviesViewController.h */,
				4119C52B194381ED00CF70ED /* AppDelegate.h */,
				4119C52C194381ED00CF70ED /* AppDelegate.m */,
				4119C52E194381ED00CF70ED /* Images.xcassets */,
				4119C523194381ED00CF70ED /* Supporting Files */,
				4139212619467EB40052CD65 /* MDetailViewController.h */,
				4139212719467EB40052CD65 /* MDetailViewController.m */,
				4139212819467EB40052CD65 /* MDetailViewController.xib */,
			);
			path = RottenTomatoesDemo;
			sourceTree = "<group>";
		};
		4119C523194381ED00CF70ED /* Supporting Files */ = {
			isa = PBXGroup;
			children = (
				4119C524194381ED00CF70ED /* RottenTomatoesDemo-Info.plist */,
				4119C525194381ED00CF70ED /* InfoPlist.strings */,
				4119C528194381ED00CF70ED /* main.m */,
				4119C52A194381ED00CF70ED /* RottenTomatoesDemo-Prefix.pch */,
			);
			name = "Supporting Files";
			sourceTree = "<group>";
		};
		4119C53B194381ED00CF70ED /* RottenTomatoesDemoTests */ = {
			isa = PBXGroup;
			children = (
				4119C541194381ED00CF70ED /* RottenTomatoesDemoTests.m */,
				4119C53C194381ED00CF70ED /* Supporting Files */,
			);
			path = RottenTomatoesDemoTests;
			sourceTree = "<group>";
		};
		4119C53C194381ED00CF70ED /* Supporting Files */ = {
			isa = PBXGroup;
			children = (
				4119C53D194381ED00CF70ED /* RottenTomatoesDemoTests-Info.plist */,
				4119C53E194381ED00CF70ED /* InfoPlist.strings */,
			);
			name = "Supporting Files";
			sourceTree = "<group>";
		};
/* End PBXGroup section */

/* Begin PBXNativeTarget section */
		4119C518194381ED00CF70ED /* RottenTomatoesDemo */ = {
			isa = PBXNativeTarget;
			buildConfigurationList = 4119C545194381ED00CF70ED /* Build configuration list for PBXNativeTarget "RottenTomatoesDemo" */;
			buildPhases = (
				A126EB92E4F34D239E91AD5C /* Check Pods Manifest.lock */,
				4119C515194381ED00CF70ED /* Sources */,
				4119C516194381ED00CF70ED /* Frameworks */,
				4119C517194381ED00CF70ED /* Resources */,
				650EE20D3A88445B890715A9 /* Copy Pods Resources */,
			);
			buildRules = (
			);
			dependencies = (
			);
			name = RottenTomatoesDemo;
			productName = RottenTomatoesDemo;
			productReference = 4119C519194381ED00CF70ED /* RottenTomatoesDemo.app */;
			productType = "com.apple.product-type.application";
		};
		4119C533194381ED00CF70ED /* RottenTomatoesDemoTests */ = {
			isa = PBXNativeTarget;
			buildConfigurationList = 4119C548194381ED00CF70ED /* Build configuration list for PBXNativeTarget "RottenTomatoesDemoTests" */;
			buildPhases = (
				4119C530194381ED00CF70ED /* Sources */,
				4119C531194381ED00CF70ED /* Frameworks */,
				4119C532194381ED00CF70ED /* Resources */,
			);
			buildRules = (
			);
			dependencies = (
				4119C53A194381ED00CF70ED /* PBXTargetDependency */,
			);
			name = RottenTomatoesDemoTests;
			productName = RottenTomatoesDemoTests;
			productReference = 4119C534194381ED00CF70ED /* RottenTomatoesDemoTests.xctest */;
			productType = "com.apple.product-type.bundle.unit-test";
		};
/* End PBXNativeTarget section */

/* Begin PBXProject section */
		4119C511194381ED00CF70ED /* Project object */ = {
			isa = PBXProject;
			attributes = {
				LastUpgradeCheck = 0500;
				ORGANIZATIONNAME = "Venu Narayanabhatla";
				TargetAttributes = {
					4119C533194381ED00CF70ED = {
						TestTargetID = 4119C518194381ED00CF70ED;
					};
				};
			};
			buildConfigurationList = 4119C514194381ED00CF70ED /* Build configuration list for PBXProject "RottenTomatoesDemo" */;
			compatibilityVersion = "Xcode 3.2";
			developmentRegion = English;
			hasScannedForEncodings = 0;
			knownRegions = (
				en,
			);
			mainGroup = 4119C510194381ED00CF70ED;
			productRefGroup = 4119C51A194381ED00CF70ED /* Products */;
			projectDirPath = "";
			projectRoot = "";
			targets = (
				4119C518194381ED00CF70ED /* RottenTomatoesDemo */,
				4119C533194381ED00CF70ED /* RottenTomatoesDemoTests */,
			);
		};
/* End PBXProject section */

/* Begin PBXResourcesBuildPhase section */
		4119C517194381ED00CF70ED /* Resources */ = {
			isa = PBXResourcesBuildPhase;
			buildActionMask = 2147483647;
			files = (
				4139211319465B880052CD65 /* MoviesViewController.xib in Resources */,
				4139212A19467EB40052CD65 /* MDetailViewController.xib in Resources */,
				4119C527194381ED00CF70ED /* InfoPlist.strings in Resources */,
				4119C52F194381ED00CF70ED /* Images.xcassets in Resources */,
				413554691944F964003AEF5D /* MovieCell.xib in Resources */,
			);
			runOnlyForDeploymentPostprocessing = 0;
		};
		4119C532194381ED00CF70ED /* Resources */ = {
			isa = PBXResourcesBuildPhase;
			buildActionMask = 2147483647;
			files = (
				4119C540194381ED00CF70ED /* InfoPlist.strings in Resources */,
			);
			runOnlyForDeploymentPostprocessing = 0;
		};
/* End PBXResourcesBuildPhase section */

/* Begin PBXShellScriptBuildPhase section */
		650EE20D3A88445B890715A9 /* Copy Pods Resources */ = {
			isa = PBXShellScriptBuildPhase;
			buildActionMask = 2147483647;
			files = (
			);
			inputPaths = (
			);
			name = "Copy Pods Resources";
			outputPaths = (
			);
			runOnlyForDeploymentPostprocessing = 0;
			shellPath = /bin/sh;
			shellScript = "\"${SRCROOT}/Pods/Pods-resources.sh\"\n";
			showEnvVarsInLog = 0;
		};
		A126EB92E4F34D239E91AD5C /* Check Pods Manifest.lock */ = {
			isa = PBXShellScriptBuildPhase;
			buildActionMask = 2147483647;
			files = (
			);
			inputPaths = (
			);
			name = "Check Pods Manifest.lock";
			outputPaths = (
			);
			runOnlyForDeploymentPostprocessing = 0;
			shellPath = /bin/sh;
			shellScript = "diff \"${PODS_ROOT}/../Podfile.lock\" \"${PODS_ROOT}/Manifest.lock\" > /dev/null\nif [[ $? != 0 ]] ; then\n    cat << EOM\nerror: The sandbox is not in sync with the Podfile.lock. Run 'pod install' or update your CocoaPods installation.\nEOM\n    exit 1\nfi\n";
			showEnvVarsInLog = 0;
		};
/* End PBXShellScriptBuildPhase section */

/* Begin PBXSourcesBuildPhase section */
		4119C515194381ED00CF70ED /* Sources */ = {
			isa = PBXSourcesBuildPhase;
			buildActionMask = 2147483647;
			files = (
				4139212919467EB40052CD65 /* MDetailViewController.m in Sources */,
				413554681944F964003AEF5D /* MovieCell.m in Sources */,
				4139211219465B880052CD65 /* MoviesViewController.m in Sources */,
				4119C52D194381ED00CF70ED /* AppDelegate.m in Sources */,
				4119C529194381ED00CF70ED /* main.m in Sources */,
			);
			runOnlyForDeploymentPostprocessing = 0;
		};
		4119C530194381ED00CF70ED /* Sources */ = {
			isa = PBXSourcesBuildPhase;
			buildActionMask = 2147483647;
			files = (
				4119C542194381ED00CF70ED /* RottenTomatoesDemoTests.m in Sources */,
			);
			runOnlyForDeploymentPostprocessing = 0;
		};
/* End PBXSourcesBuildPhase section */

/* Begin PBXTargetDependency section */
		4119C53A194381ED00CF70ED /* PBXTargetDependency */ = {
			isa = PBXTargetDependency;
			target = 4119C518194381ED00CF70ED /* RottenTomatoesDemo */;
			targetProxy = 4119C539194381ED00CF70ED /* PBXContainerItemProxy */;
		};
/* End PBXTargetDependency section */

/* Begin PBXVariantGroup section */
		4119C525194381ED00CF70ED /* InfoPlist.strings */ = {
			isa = PBXVariantGroup;
			children = (
				4119C526194381ED00CF70ED /* en */,
			);
			name = InfoPlist.strings;
			sourceTree = "<group>";
		};
		4119C53E194381ED00CF70ED /* InfoPlist.strings */ = {
			isa = PBXVariantGroup;
			children = (
				4119C53F194381ED00CF70ED /* en */,
			);
			name = InfoPlist.strings;
			sourceTree = "<group>";
		};
/* End PBXVariantGroup section */

/* Begin XCBuildConfiguration section */
		4119C543194381ED00CF70ED /* Debug */ = {
			isa = XCBuildConfiguration;
			buildSettings = {
				ALWAYS_SEARCH_USER_PATHS = NO;
				ARCHS = "$(ARCHS_STANDARD_INCLUDING_64_BIT)";
				CLANG_CXX_LANGUAGE_STANDARD = "gnu++0x";
				CLANG_CXX_LIBRARY = "libc++";
				CLANG_ENABLE_MODULES = YES;
				CLANG_ENABLE_OBJC_ARC = YES;
				CLANG_WARN_BOOL_CONVERSION = YES;
				CLANG_WARN_CONSTANT_CONVERSION = YES;
				CLANG_WARN_DIRECT_OBJC_ISA_USAGE = YES_ERROR;
				CLANG_WARN_EMPTY_BODY = YES;
				CLANG_WARN_ENUM_CONVERSION = YES;
				CLANG_WARN_INT_CONVERSION = YES;
				CLANG_WARN_OBJC_ROOT_CLASS = YES_ERROR;
				CLANG_WARN__DUPLICATE_METHOD_MATCH = YES;
				"CODE_SIGN_IDENTITY[sdk=iphoneos*]" = "iPhone Developer";
				COPY_PHASE_STRIP = NO;
				GCC_C_LANGUAGE_STANDARD = gnu99;
				GCC_DYNAMIC_NO_PIC = NO;
				GCC_OPTIMIZATION_LEVEL = 0;
				GCC_PREPROCESSOR_DEFINITIONS = (
					"DEBUG=1",
					"$(inherited)",
				);
				GCC_SYMBOLS_PRIVATE_EXTERN = NO;
				GCC_WARN_64_TO_32_BIT_CONVERSION = YES;
				GCC_WARN_ABOUT_RETURN_TYPE = YES_ERROR;
				GCC_WARN_UNDECLARED_SELECTOR = YES;
				GCC_WARN_UNINITIALIZED_AUTOS = YES;
				GCC_WARN_UNUSED_FUNCTION = YES;
				GCC_WARN_UNUSED_VARIABLE = YES;
				IPHONEOS_DEPLOYMENT_TARGET = 6.1;
				ONLY_ACTIVE_ARCH = YES;
				SDKROOT = iphoneos;
				TARGETED_DEVICE_FAMILY = "1,2";
			};
			name = Debug;
		};
		4119C544194381ED00CF70ED /* Release */ = {
			isa = XCBuildConfiguration;
			buildSettings = {
				ALWAYS_SEARCH_USER_PATHS = NO;
				ARCHS = "$(ARCHS_STANDARD_INCLUDING_64_BIT)";
				CLANG_CXX_LANGUAGE_STANDARD = "gnu++0x";
				CLANG_CXX_LIBRARY = "libc++";
				CLANG_ENABLE_MODULES = YES;
				CLANG_ENABLE_OBJC_ARC = YES;
				CLANG_WARN_BOOL_CONVERSION = YES;
				CLANG_WARN_CONSTANT_CONVERSION = YES;
				CLANG_WARN_DIRECT_OBJC_ISA_USAGE = YES_ERROR;
				CLANG_WARN_EMPTY_BODY = YES;
				CLANG_WARN_ENUM_CONVERSION = YES;
				CLANG_WARN_INT_CONVERSION = YES;
				CLANG_WARN_OBJC_ROOT_CLASS = YES_ERROR;
				CLANG_WARN__DUPLICATE_METHOD_MATCH = YES;
				"CODE_SIGN_IDENTITY[sdk=iphoneos*]" = "iPhone Developer";
				COPY_PHASE_STRIP = YES;
				ENABLE_NS_ASSERTIONS = NO;
				GCC_C_LANGUAGE_STANDARD = gnu99;
				GCC_WARN_64_TO_32_BIT_CONVERSION = YES;
				GCC_WARN_ABOUT_RETURN_TYPE = YES_ERROR;
				GCC_WARN_UNDECLARED_SELECTOR = YES;
				GCC_WARN_UNINITIALIZED_AUTOS = YES;
				GCC_WARN_UNUSED_FUNCTION = YES;
				GCC_WARN_UNUSED_VARIABLE = YES;
				IPHONEOS_DEPLOYMENT_TARGET = 6.1;
				SDKROOT = iphoneos;
				TARGETED_DEVICE_FAMILY = "1,2";
				VALIDATE_PRODUCT = YES;
			};
			name = Release;
		};
		4119C546194381ED00CF70ED /* Debug */ = {
			isa = XCBuildConfiguration;
			baseConfigurationReference = 7EC0EAFC5A6745E689B91364 /* Pods.xcconfig */;
			buildSettings = {
				ASSETCATALOG_COMPILER_APPICON_NAME = AppIcon;
				ASSETCATALOG_COMPILER_LAUNCHIMAGE_NAME = LaunchImage;
				GCC_PRECOMPILE_PREFIX_HEADER = YES;
				GCC_PREFIX_HEADER = "RottenTomatoesDemo/RottenTomatoesDemo-Prefix.pch";
				INFOPLIST_FILE = "RottenTomatoesDemo/RottenTomatoesDemo-Info.plist";
				IPHONEOS_DEPLOYMENT_TARGET = 6.1;
				PRODUCT_NAME = "$(TARGET_NAME)";
				TARGETED_DEVICE_FAMILY = 1;
				WRAPPER_EXTENSION = app;
			};
			name = Debug;
		};
		4119C547194381ED00CF70ED /* Release */ = {
			isa = XCBuildConfiguration;
			baseConfigurationReference = 7EC0EAFC5A6745E689B91364 /* Pods.xcconfig */;
			buildSettings = {
				ASSETCATALOG_COMPILER_APPICON_NAME = AppIcon;
				ASSETCATALOG_COMPILER_LAUNCHIMAGE_NAME = LaunchImage;
				GCC_PRECOMPILE_PREFIX_HEADER = YES;
				GCC_PREFIX_HEADER = "RottenTomatoesDemo/RottenTomatoesDemo-Prefix.pch";
				INFOPLIST_FILE = "RottenTomatoesDemo/RottenTomatoesDemo-Info.plist";
				IPHONEOS_DEPLOYMENT_TARGET = 6.1;
				PRODUCT_NAME = "$(TARGET_NAME)";
				TARGETED_DEVICE_FAMILY = 1;
				WRAPPER_EXTENSION = app;
			};
			name = Release;
		};
		4119C549194381ED00CF70ED /* Debug */ = {
			isa = XCBuildConfiguration;
			buildSettings = {
				ARCHS = "$(ARCHS_STANDARD_INCLUDING_64_BIT)";
				BUNDLE_LOADER = "$(BUILT_PRODUCTS_DIR)/RottenTomatoesDemo.app/RottenTomatoesDemo";
				FRAMEWORK_SEARCH_PATHS = (
					"$(SDKROOT)/Developer/Library/Frameworks",
					"$(inherited)",
					"$(DEVELOPER_FRAMEWORKS_DIR)",
				);
				GCC_PRECOMPILE_PREFIX_HEADER = YES;
				GCC_PREFIX_HEADER = "RottenTomatoesDemo/RottenTomatoesDemo-Prefix.pch";
				GCC_PREPROCESSOR_DEFINITIONS = (
					"DEBUG=1",
					"$(inherited)",
				);
				INFOPLIST_FILE = "RottenTomatoesDemoTests/RottenTomatoesDemoTests-Info.plist";
				PRODUCT_NAME = "$(TARGET_NAME)";
				TEST_HOST = "$(BUNDLE_LOADER)";
				WRAPPER_EXTENSION = xctest;
			};
			name = Debug;
		};
		4119C54A194381ED00CF70ED /* Release */ = {
			isa = XCBuildConfiguration;
			buildSettings = {
				ARCHS = "$(ARCHS_STANDARD_INCLUDING_64_BIT)";
				BUNDLE_LOADER = "$(BUILT_PRODUCTS_DIR)/RottenTomatoesDemo.app/RottenTomatoesDemo";
				FRAMEWORK_SEARCH_PATHS = (
					"$(SDKROOT)/Developer/Library/Frameworks",
					"$(inherited)",
					"$(DEVELOPER_FRAMEWORKS_DIR)",
				);
				GCC_PRECOMPILE_PREFIX_HEADER = YES;
				GCC_PREFIX_HEADER = "RottenTomatoesDemo/RottenTomatoesDemo-Prefix.pch";
				INFOPLIST_FILE = "RottenTomatoesDemoTests/RottenTomatoesDemoTests-Info.plist";
				PRODUCT_NAME = "$(TARGET_NAME)";
				TEST_HOST = "$(BUNDLE_LOADER)";
				WRAPPER_EXTENSION = xctest;
			};
			name = Release;
		};
/* End XCBuildConfiguration section */

/* Begin XCConfigurationList section */
		4119C514194381ED00CF70ED /* Build configuration list for PBXProject "RottenTomatoesDemo" */ = {
			isa = XCConfigurationList;
			buildConfigurations = (
				4119C543194381ED00CF70ED /* Debug */,
				4119C544194381ED00CF70ED /* Release */,
			);
			defaultConfigurationIsVisible = 0;
			defaultConfigurationName = Release;
		};
		4119C545194381ED00CF70ED /* Build configuration list for PBXNativeTarget "RottenTomatoesDemo" */ = {
			isa = XCConfigurationList;
			buildConfigurations = (
				4119C546194381ED00CF70ED /* Debug */,
				4119C547194381ED00CF70ED /* Release */,
			);
			defaultConfigurationIsVisible = 0;
			defaultConfigurationName = Release;
		};
		4119C548194381ED00CF70ED /* Build configuration list for PBXNativeTarget "RottenTomatoesDemoTests" */ = {
			isa = XCConfigurationList;
			buildConfigurations = (
				4119C549194381ED00CF70ED /* Debug */,
				4119C54A194381ED00CF70ED /* Release */,
			);
			defaultConfigurationIsVisible = 0;
			defaultConfigurationName = Release;
		};
/* End XCConfigurationList section */
	};
	rootObject = 4119C511194381ED00CF70ED /* Project object */;
}
